
Microsoft Visual Studio Solution File, Format Version 12.00
# Visual Studio Version 16
VisualStudioVersion = 16.0.31129.286
MinimumVisualStudioVersion = 10.0.40219.1
Project("{FAE04EC0-301F-11D3-BF4B-00C04F79EFBC}") = "IzozoProject", "IzozoProject.csproj", "{53239760-4A8B-457E-9F3A-117D3A82220C}"
EndProject
Global
	GlobalSection(SolutionConfigurationPlatforms) = preSolution
		Debug|Any CPU = Debug|Any CPU
		Release|Any CPU = Release|Any CPU
	EndGlobalSection
	GlobalSection(ProjectConfigurationPlatforms) = postSolution
		{53239760-4A8B-457E-9F3A-117D3A82220C}.Debug|Any CPU.ActiveCfg = Debug|Any CPU
		{53239760-4A8B-457E-9F3A-117D3A82220C}.Debug|Any CPU.Build.0 = Debug|Any CPU
		{53239760-4A8B-457E-9F3A-117D3A82220C}.Release|Any CPU.ActiveCfg = Release|Any CPU
		{53239760-4A8B-457E-9F3A-117D3A82220C}.Release|Any CPU.Build.0 = Release|Any CPU
	EndGlobalSection
	GlobalSection(SolutionProperties) = preSolution
		HideSolutionNode = FALSE
	EndGlobalSection
	GlobalSection(ExtensibilityGlobals) = postSolution
		SolutionGuid = {9140D2AA-DCDD-414D-AE7E-6CAF7A823D14}
	EndGlobalSection
EndGlobal
